
Microsoft Visual Studio Solution File, Format Version 12.00
# Visual Studio Version 16
VisualStudioVersion = 16.0.29613.14
MinimumVisualStudioVersion = 10.0.40219.1
Project("{FAE04EC0-301F-11D3-BF4B-00C04F79EFBC}") = "Liste_Methodes", "Liste_Methodes\Liste_Methodes.csproj", "{479630CA-13C8-4251-9DE2-91EE02BD5A90}"
EndProject
Global
	GlobalSection(SolutionConfigurationPlatforms) = preSolution
		Debug|Any CPU = Debug|Any CPU
		Release|Any CPU = Release|Any CPU
	EndGlobalSection
	GlobalSection(ProjectConfigurationPlatforms) = postSolution
		{479630CA-13C8-4251-9DE2-91EE02BD5A90}.Debug|Any CPU.ActiveCfg = Debug|Any CPU
		{479630CA-13C8-4251-9DE2-91EE02BD5A90}.Debug|Any CPU.Build.0 = Debug|Any CPU
		{479630CA-13C8-4251-9DE2-91EE02BD5A90}.Release|Any CPU.ActiveCfg = Release|Any CPU
		{479630CA-13C8-4251-9DE2-91EE02BD5A90}.Release|Any CPU.Build.0 = Release|Any CPU
	EndGlobalSection
	GlobalSection(SolutionProperties) = preSolution
		HideSolutionNode = FALSE
	EndGlobalSection
	GlobalSection(ExtensibilityGlobals) = postSolution
		SolutionGuid = {BF07CBD8-9800-4F71-9981-5A6EA55EDBD1}
	EndGlobalSection
EndGlobal
